
Microsoft Visual Studio Solution File, Format Version 12.00
# Visual Studio Version 16
VisualStudioVersion = 16.0.30907.101
MinimumVisualStudioVersion = 10.0.40219.1
Project("{FAE04EC0-301F-11D3-BF4B-00C04F79EFBC}") = "Negocio", "Negocio\Negocio.csproj", "{1EF23554-B7C6-4934-8AC9-9207A8A27626}"
EndProject
Project("{FAE04EC0-301F-11D3-BF4B-00C04F79EFBC}") = "Presentacion", "Presentacion\Presentacion.csproj", "{A558580E-DC28-4299-933B-E5BA0AFAB0D7}"
EndProject
Project("{FAE04EC0-301F-11D3-BF4B-00C04F79EFBC}") = "Datos", "Datos\Datos.csproj", "{A0A285DB-F17E-4222-8744-427EDD80CE8E}"
EndProject
Global
	GlobalSection(SolutionConfigurationPlatforms) = preSolution
		Debug|Any CPU = Debug|Any CPU
		Release|Any CPU = Release|Any CPU
	EndGlobalSection
	GlobalSection(ProjectConfigurationPlatforms) = postSolution
		{1EF23554-B7C6-4934-8AC9-9207A8A27626}.Debug|Any CPU.ActiveCfg = Debug|Any CPU
		{1EF23554-B7C6-4934-8AC9-9207A8A27626}.Debug|Any CPU.Build.0 = Debug|Any CPU
		{1EF23554-B7C6-4934-8AC9-9207A8A27626}.Release|Any CPU.ActiveCfg = Release|Any CPU
		{1EF23554-B7C6-4934-8AC9-9207A8A27626}.Release|Any CPU.Build.0 = Release|Any CPU
		{A558580E-DC28-4299-933B-E5BA0AFAB0D7}.Debug|Any CPU.ActiveCfg = Debug|Any CPU
		{A558580E-DC28-4299-933B-E5BA0AFAB0D7}.Debug|Any CPU.Build.0 = Debug|Any CPU
		{A558580E-DC28-4299-933B-E5BA0AFAB0D7}.Release|Any CPU.ActiveCfg = Release|Any CPU
		{A558580E-DC28-4299-933B-E5BA0AFAB0D7}.Release|Any CPU.Build.0 = Release|Any CPU
		{A0A285DB-F17E-4222-8744-427EDD80CE8E}.Debug|Any CPU.ActiveCfg = Debug|Any CPU
		{A0A285DB-F17E-4222-8744-427EDD80CE8E}.Debug|Any CPU.Build.0 = Debug|Any CPU
		{A0A285DB-F17E-4222-8744-427EDD80CE8E}.Release|Any CPU.ActiveCfg = Release|Any CPU
		{A0A285DB-F17E-4222-8744-427EDD80CE8E}.Release|Any CPU.Build.0 = Release|Any CPU
	EndGlobalSection
	GlobalSection(SolutionProperties) = preSolution
		HideSolutionNode = FALSE
	EndGlobalSection
	GlobalSection(ExtensibilityGlobals) = postSolution
		SolutionGuid = {88CA797B-B0A0-49F5-9EEA-8F252C32FEAC}
	EndGlobalSection
EndGlobal
